
Microsoft Visual Studio Solution File, Format Version 12.00
# Visual Studio Version 16
VisualStudioVersion = 16.0.31019.35
MinimumVisualStudioVersion = 10.0.40219.1
Project("{FAE04EC0-301F-11D3-BF4B-00C04F79EFBC}") = "Xosla", "Xosla\Xosla.csproj", "{648E9745-CDA2-4E48-945D-282C1E781805}"
EndProject
Global
	GlobalSection(SolutionConfigurationPlatforms) = preSolution
		Debug|Any CPU = Debug|Any CPU
		Release|Any CPU = Release|Any CPU
	EndGlobalSection
	GlobalSection(ProjectConfigurationPlatforms) = postSolution
		{648E9745-CDA2-4E48-945D-282C1E781805}.Debug|Any CPU.ActiveCfg = Debug|Any CPU
		{648E9745-CDA2-4E48-945D-282C1E781805}.Debug|Any CPU.Build.0 = Debug|Any CPU
		{648E9745-CDA2-4E48-945D-282C1E781805}.Release|Any CPU.ActiveCfg = Release|Any CPU
		{648E9745-CDA2-4E48-945D-282C1E781805}.Release|Any CPU.Build.0 = Release|Any CPU
	EndGlobalSection
	GlobalSection(SolutionProperties) = preSolution
		HideSolutionNode = FALSE
	EndGlobalSection
	GlobalSection(ExtensibilityGlobals) = postSolution
		SolutionGuid = {B4FC4916-8608-41F8-9881-CE4DED2E58E0}
	EndGlobalSection
EndGlobal
